{
  "name": "rshtml-ts",
  "version": "1.0.0",
  "lockfileVersion": 3,
  "requires": true,
  "packages": {
    "": {
      "name": "rshtml-ts",
      "version": "1.0.0",
      "license": "ISC",
      "dependencies": {
        "@stackoverflow/stacks": "^1.9.0"
      }
    },
    "node_modules/@hotwired/stimulus": {
      "version": "3.2.1",
      "resolved": "https://registry.npmjs.org/@hotwired/stimulus/-/stimulus-3.2.1.tgz",
      "integrity": "sha512-HGlzDcf9vv/EQrMJ5ZG6VWNs8Z/xMN+1o2OhV1gKiSG6CqZt5MCBB1gRg5ILiN3U0jEAxuDTNPRfBcnZBDmupQ=="
    },
    "node_modules/@popperjs/core": {
      "version": "2.11.8",
      "resolved": "https://registry.npmjs.org/@popperjs/core/-/core-2.11.8.tgz",
      "integrity": "sha512-P1st0aksCrn9sGZhp8GMYwBnQsbvAWsZAX44oXNNvLHGqAOcoVxmjZiohstwQ7SqKnbR47akdNi+uleWD8+g6A==",
      "funding": {
        "type": "opencollective",
        "url": "https://opencollective.com/popperjs"
      }
    },
    "node_modules/@stackoverflow/stacks": {
      "version": "1.9.5",
      "resolved": "https://registry.npmjs.org/@stackoverflow/stacks/-/stacks-1.9.5.tgz",
      "integrity": "sha512-XhBhXIQ5Qrp2ISMTJQCoLnBpyZY/Yepks5Drkikp0lTCkW7bOo2ZwxknEXHx6php5GqbixMmGpAM29ppaplIsA==",
      "dependencies": {
        "@hotwired/stimulus": "^3.2.1",
        "@popperjs/core": "^2.11.7"
      }
    }
  }
}
