{
  "name": "rshtml-ts",
  "version": "1.0.0",
  "lockfileVersion": 2,
  "requires": true,
  "packages": {
    "": {
      "name": "rshtml-ts",
      "version": "1.0.0",
      "license": "ISC",
      "dependencies": {
        "@stackoverflow/stacks": "^1.9.0"
      }
    },
    "node_modules/@hotwired/stimulus": {
      "version": "3.2.1",
      "resolved": "https://registry.npmjs.org/@hotwired/stimulus/-/stimulus-3.2.1.tgz",
      "integrity": "sha512-HGlzDcf9vv/EQrMJ5ZG6VWNs8Z/xMN+1o2OhV1gKiSG6CqZt5MCBB1gRg5ILiN3U0jEAxuDTNPRfBcnZBDmupQ=="
    },
    "node_modules/@popperjs/core": {
      "version": "2.11.7",
      "resolved": "https://registry.npmjs.org/@popperjs/core/-/core-2.11.7.tgz",
      "integrity": "sha512-Cr4OjIkipTtcXKjAsm8agyleBuDHvxzeBoa1v543lbv1YaIwQjESsVcmjiWiPEbC1FIeHOG/Op9kdCmAmiS3Kw==",
      "funding": {
        "type": "opencollective",
        "url": "https://opencollective.com/popperjs"
      }
    },
    "node_modules/@stackoverflow/stacks": {
      "version": "1.9.0",
      "resolved": "https://registry.npmjs.org/@stackoverflow/stacks/-/stacks-1.9.0.tgz",
      "integrity": "sha512-qWausA2SU/xV7qBmiKlWUwU6Bzxn/oVxHUhog+hCPT3Iyh3UE+v0AyldEWpH3HtR8bBLUyR3O+Dt4EWQUFnnNQ==",
      "dependencies": {
        "@hotwired/stimulus": "^3.2.1",
        "@popperjs/core": "^2.11.6"
      }
    }
  },
  "dependencies": {
    "@hotwired/stimulus": {
      "version": "3.2.1",
      "resolved": "https://registry.npmjs.org/@hotwired/stimulus/-/stimulus-3.2.1.tgz",
      "integrity": "sha512-HGlzDcf9vv/EQrMJ5ZG6VWNs8Z/xMN+1o2OhV1gKiSG6CqZt5MCBB1gRg5ILiN3U0jEAxuDTNPRfBcnZBDmupQ=="
    },
    "@popperjs/core": {
      "version": "2.11.7",
      "resolved": "https://registry.npmjs.org/@popperjs/core/-/core-2.11.7.tgz",
      "integrity": "sha512-Cr4OjIkipTtcXKjAsm8agyleBuDHvxzeBoa1v543lbv1YaIwQjESsVcmjiWiPEbC1FIeHOG/Op9kdCmAmiS3Kw=="
    },
    "@stackoverflow/stacks": {
      "version": "1.9.0",
      "resolved": "https://registry.npmjs.org/@stackoverflow/stacks/-/stacks-1.9.0.tgz",
      "integrity": "sha512-qWausA2SU/xV7qBmiKlWUwU6Bzxn/oVxHUhog+hCPT3Iyh3UE+v0AyldEWpH3HtR8bBLUyR3O+Dt4EWQUFnnNQ==",
      "requires": {
        "@hotwired/stimulus": "^3.2.1",
        "@popperjs/core": "^2.11.6"
      }
    }
  }
}
